
Microsoft Visual Studio Solution File, Format Version 12.00
# Visual Studio Version 17
VisualStudioVersion = 17.2.32602.215
MinimumVisualStudioVersion = 10.0.40219.1
Project("{FAE04EC0-301F-11D3-BF4B-00C04F79EFBC}") = "WebApplication2", "WebApplication2\WebApplication2.csproj", "{B928B98D-82D9-485B-BF6F-5DEACD977AD2}"
EndProject
Global
	GlobalSection(SolutionConfigurationPlatforms) = preSolution
		Debug|Any CPU = Debug|Any CPU
		Release|Any CPU = Release|Any CPU
	EndGlobalSection
	GlobalSection(ProjectConfigurationPlatforms) = postSolution
		{B928B98D-82D9-485B-BF6F-5DEACD977AD2}.Debug|Any CPU.ActiveCfg = Debug|Any CPU
		{B928B98D-82D9-485B-BF6F-5DEACD977AD2}.Debug|Any CPU.Build.0 = Debug|Any CPU
		{B928B98D-82D9-485B-BF6F-5DEACD977AD2}.Release|Any CPU.ActiveCfg = Release|Any CPU
		{B928B98D-82D9-485B-BF6F-5DEACD977AD2}.Release|Any CPU.Build.0 = Release|Any CPU
	EndGlobalSection
	GlobalSection(SolutionProperties) = preSolution
		HideSolutionNode = FALSE
	EndGlobalSection
	GlobalSection(ExtensibilityGlobals) = postSolution
		SolutionGuid = {D5201EF8-ADA2-445C-9221-DD484A320027}
	EndGlobalSection
EndGlobal
